{"1.2.0",
[{<<"cowboy">>,
  {git,"https://github.com/ninenines/cowboy",
       {ref,"22adc4de517bf54661795f6e18b6b2e62aec4140"}},
  1},
 {<<"cowlib">>,
  {git,"https://github.com/ninenines/cowlib",
       {ref,"cc04201c1d0e1d5603cd1cde037ab729b192634c"}},
  1},
 {<<"etcd">>,
  {git,"https://github.com/joq62/etcd.git",
       {ref,"8f8e8cfd51257f5c1079f6cacd10711508dbfebd"}},
  0},
 {<<"gun">>,
  {git,"https://github.com/ninenines/gun",
       {ref,"e7dd9f227e46979d8073e71c683395a809b78cb4"}},
  1},
 {<<"hw_conbee">>,
  {git,"https://github.com/joq62/hw_conbee.git",
       {ref,"d22ef0366e7341e48a3560c03b9fc2f9e10f0afd"}},
  0},
 {<<"jsx">>,{pkg,<<"jsx">>,<<"3.1.0">>},1},
 {<<"lib_sd">>,
  {git,"https://github.com/joq62/lib_sd.git",
       {ref,"1c9552ee681e04725478db97ed31439076a97661"}},
  0},
 {<<"log">>,
  {git,"https://github.com/joq62/log.git",
       {ref,"52fbd1ae9e3f641360505fa400655f22d649354b"}},
  0},
 {<<"ranch">>,
  {git,"https://github.com/ninenines/ranch",
       {ref,"3190aef88aea04d6dce8545fe9b4574288903f44"}},
  1},
 {<<"zigbee_devices">>,
  {git,"https://github.com/joq62/zigbee_devices.git",
       {ref,"489f8cbfbe9f55f33dcc08357e978cd9ca9dee63"}},
  0}]}.
[
{pkg_hash,[
 {<<"jsx">>, <<"D12516BAA0BB23A59BB35DCCAF02A1BD08243FCBB9EFE24F2D9D056CCFF71268">>}]},
{pkg_hash_ext,[
 {<<"jsx">>, <<"0C5CC8FDC11B53CC25CF65AC6705AD39E54ECC56D1C22E4ADB8F5A53FB9427F3">>}]}
].
